
Microsoft Visual Studio Solution File, Format Version 12.00
Project("{FAE04EC0-301F-11D3-BF4B-00C04F79EFBC}") = "tiny-dns", "tiny-dns\tiny-dns.csproj", "{72E40650-359B-423C-B894-562E8ACF6EBF}"
EndProject
Project("{FAE04EC0-301F-11D3-BF4B-00C04F79EFBC}") = "tiny-sandbox", "tiny-sandbox\tiny-sandbox.csproj", "{E4922D46-685D-45C6-93C2-3133CDDB24A1}"
EndProject
Project("{FAE04EC0-301F-11D3-BF4B-00C04F79EFBC}") = "tiny-dns.Tests", "tiny-dns.Tests\tiny-dns.Tests.csproj", "{C32D122C-9907-43AB-887E-5D7336EB9EA7}"
EndProject
Global
	GlobalSection(SolutionConfigurationPlatforms) = preSolution
		Debug|Any CPU = Debug|Any CPU
		Release|Any CPU = Release|Any CPU
	EndGlobalSection
	GlobalSection(ProjectConfigurationPlatforms) = postSolution
		{72E40650-359B-423C-B894-562E8ACF6EBF}.Debug|Any CPU.ActiveCfg = Debug|Any CPU
		{72E40650-359B-423C-B894-562E8ACF6EBF}.Debug|Any CPU.Build.0 = Debug|Any CPU
		{72E40650-359B-423C-B894-562E8ACF6EBF}.Release|Any CPU.ActiveCfg = Release|Any CPU
		{72E40650-359B-423C-B894-562E8ACF6EBF}.Release|Any CPU.Build.0 = Release|Any CPU
		{E4922D46-685D-45C6-93C2-3133CDDB24A1}.Debug|Any CPU.ActiveCfg = Debug|Any CPU
		{E4922D46-685D-45C6-93C2-3133CDDB24A1}.Debug|Any CPU.Build.0 = Debug|Any CPU
		{E4922D46-685D-45C6-93C2-3133CDDB24A1}.Release|Any CPU.ActiveCfg = Release|Any CPU
		{E4922D46-685D-45C6-93C2-3133CDDB24A1}.Release|Any CPU.Build.0 = Release|Any CPU
		{C32D122C-9907-43AB-887E-5D7336EB9EA7}.Debug|Any CPU.ActiveCfg = Debug|Any CPU
		{C32D122C-9907-43AB-887E-5D7336EB9EA7}.Debug|Any CPU.Build.0 = Debug|Any CPU
		{C32D122C-9907-43AB-887E-5D7336EB9EA7}.Release|Any CPU.ActiveCfg = Release|Any CPU
		{C32D122C-9907-43AB-887E-5D7336EB9EA7}.Release|Any CPU.Build.0 = Release|Any CPU
	EndGlobalSection
EndGlobal
